{
  "lockfileVersion": 1,
  "configVersion": 1,
  "workspaces": {
    "": {
      "name": "file-processor",
      "dependencies": {
        "@aws-sdk/client-dynamodb": "^3.0.0",
        "@aws-sdk/client-rds-data": "^3.0.0",
        "@aws-sdk/client-s3": "^3.0.0",
        "@aws-sdk/client-sqs": "^3.0.0",
        "@aws-sdk/client-textract": "^3.848.0",
        "@e965/xlsx": "^0.20.3",
        "csv-parse": "^5.6.0",
        "mammoth": "^1.8.0",
        "marked": "^15.0.4",
        "pdf-parse": "^1.1.1",
      },
      "devDependencies": {
        "@types/aws-lambda": "^8.10.0",
        "@types/node": "^20.0.0",
        "@types/pdf-parse": "^1.1.5",
        "typescript": "^5.0.0",
      },
    },
  },
  "packages": {
    "@aws-sdk/checksums": ["@aws-sdk/checksums@3.1000.20", "", { "dependencies": { "@aws-sdk/core": "^3.977.0", "@aws-sdk/types": "^3.974.2", "@smithy/core": "^3.29.8", "@smithy/types": "^4.16.1", "tslib": "^2.6.2" } }, "sha512-uc5PMNcLcs+UBSLGsRjbMZKi3mgnPSalXpABw9Xjo0DMrv4gjIa/E4a02yJsuU4FF6Tmvis/JgGdKNIOoN4DQw=="],

    "@aws-sdk/client-dynamodb": ["@aws-sdk/client-dynamodb@3.1095.0", "", { "dependencies": { "@aws-sdk/core": "^3.977.0", "@aws-sdk/credential-provider-node": "^3.972.72", "@aws-sdk/dynamodb-codec": "^3.973.35", "@aws-sdk/middleware-endpoint-discovery": "^3.972.26", "@aws-sdk/types": "^3.974.2", "@smithy/core": "^3.29.8", "@smithy/fetch-http-handler": "^5.6.10", "@smithy/node-http-handler": "^4.9.10", "@smithy/types": "^4.16.1", "tslib": "^2.6.2" } }, "sha512-b1Y9NW5U1mOpkmLMnjZeUCo5FchTYfE3ththqXX6MA0beHpDwPydm5UPCJ0gcyHGvlPEYCU7NwANZwGHy+zCzA=="],

    "@aws-sdk/client-rds-data": ["@aws-sdk/client-rds-data@3.1095.0", "", { "dependencies": { "@aws-sdk/core": "^3.977.0", "@aws-sdk/credential-provider-node": "^3.972.72", "@aws-sdk/types": "^3.974.2", "@smithy/core": "^3.29.8", "@smithy/fetch-http-handler": "^5.6.10", "@smithy/node-http-handler": "^4.9.10", "@smithy/types": "^4.16.1", "tslib": "^2.6.2" } }, "sha512-PnTyGwG/I6TCmIvArMH22bzJ6cDt4Een3U/6+9i3N03iANGZHGxhPvLhaTEUbzq1FsKmIHqzP+XQ/LE57l9ymQ=="],

    "@aws-sdk/client-s3": ["@aws-sdk/client-s3@3.1095.0", "", { "dependencies": { "@aws-sdk/checksums": "^3.1000.20", "@aws-sdk/core": "^3.977.0", "@aws-sdk/credential-provider-node": "^3.972.72", "@aws-sdk/middleware-sdk-s3": "^3.972.66", "@aws-sdk/signature-v4-multi-region": "^3.996.42", "@aws-sdk/types": "^3.974.2", "@smithy/core": "^3.29.8", "@smithy/fetch-http-handler": "^5.6.10", "@smithy/node-http-handler": "^4.9.10", "@smithy/types": "^4.16.1", "tslib": "^2.6.2" } }, "sha512-eeobm3TKci47CTTHIxc5s5UDjLL0gTKfjlcyzKU+NMoeIJ3flKPq51Fhi2nUDiMNbzsY5HAynM3bHAQFHxRTUw=="],

    "@aws-sdk/client-sqs": ["@aws-sdk/client-sqs@3.1095.0", "", { "dependencies": { "@aws-sdk/core": "^3.977.0", "@aws-sdk/credential-provider-node": "^3.972.72", "@aws-sdk/middleware-sdk-sqs": "^3.972.38", "@aws-sdk/types": "^3.974.2", "@smithy/core": "^3.29.8", "@smithy/fetch-http-handler": "^5.6.10", "@smithy/node-http-handler": "^4.9.10", "@smithy/types": "^4.16.1", "tslib": "^2.6.2" } }, "sha512-E9kLDfzlBxwnu5GaV+zyUQP88EwbTMyKca6MatmIJAaxhl12Yml7uDQaFxtSMLxNVEWP4oqFrByR8PZQJGTUKw=="],

    "@aws-sdk/client-textract": ["@aws-sdk/client-textract@3.1095.0", "", { "dependencies": { "@aws-sdk/core": "^3.977.0", "@aws-sdk/credential-provider-node": "^3.972.72", "@aws-sdk/types": "^3.974.2", "@smithy/core": "^3.29.8", "@smithy/fetch-http-handler": "^5.6.10", "@smithy/node-http-handler": "^4.9.10", "@smithy/types": "^4.16.1", "tslib": "^2.6.2" } }, "sha512-PuuaDKF+07cL0RtT9tVzTYOycEAsbfpq1Qtaj6ry/JqOz3+zXSxFOEyGWfzOUrpwJWeaJVfG1ooZDQA5MV4rHA=="],

    "@aws-sdk/core": ["@aws-sdk/core@3.977.1", "", { "dependencies": { "@aws-sdk/types": "^3.974.2", "@aws-sdk/xml-builder": "^3.972.37", "@aws/lambda-invoke-store": "^0.3.0", "@smithy/core": "^3.29.8", "@smithy/signature-v4": "^5.6.9", "@smithy/types": "^4.16.1", "bowser": "^2.11.0", "tslib": "^2.6.2" } }, "sha512-KVtQRtc00ES/y+Sc3vYXeP6pCIcNlBJCZOwvqSy8ZpVGmbM5+IG+AfhuTKQ2oXmIVqZJewaGMMpzPkywC6xg0w=="],

    "@aws-sdk/credential-provider-env": ["@aws-sdk/credential-provider-env@3.972.61", "", { "dependencies": { "@aws-sdk/core": "^3.977.0", "@aws-sdk/types": "^3.974.2", "@smithy/core": "^3.29.8", "@smithy/types": "^4.16.1", "tslib": "^2.6.2" } }, "sha512-qihs2ekMb89Nxd2JenCgVFhjbkb3EIo7HEBCBzyZACKVJdrLUZBLOmAE3xr0Sayml8n/jZSzwO/IufIiIzO7PQ=="],

    "@aws-sdk/credential-provider-http": ["@aws-sdk/credential-provider-http@3.972.63", "", { "dependencies": { "@aws-sdk/core": "^3.977.0", "@aws-sdk/types": "^3.974.2", "@smithy/core": "^3.29.8", "@smithy/fetch-http-handler": "^5.6.10", "@smithy/node-http-handler": "^4.9.10", "@smithy/types": "^4.16.1", "tslib": "^2.6.2" } }, "sha512-yfozsS8wkWZEi/n6IsrodcFKBWZ0iNAezhJbTReMNc0z1Px17qdeAeuL1/wziCAmCZyXiW7QzP75ggJkBQv8jQ=="],

    "@aws-sdk/credential-provider-ini": ["@aws-sdk/credential-provider-ini@3.973.6", "", { "dependencies": { "@aws-sdk/core": "^3.977.0", "@aws-sdk/credential-provider-env": "^3.972.61", "@aws-sdk/credential-provider-http": "^3.972.63", "@aws-sdk/credential-provider-login": "^3.972.68", "@aws-sdk/credential-provider-process": "^3.972.61", "@aws-sdk/credential-provider-sso": "^3.973.5", "@aws-sdk/credential-provider-web-identity": "^3.972.67", "@aws-sdk/nested-clients": "^3.997.35", "@aws-sdk/types": "^3.974.2", "@smithy/core": "^3.29.8", "@smithy/credential-provider-imds": "^4.4.13", "@smithy/types": "^4.16.1", "tslib": "^2.6.2" } }, "sha512-jGLTW1bj148GL/6/IMlfY2fMYS9FtHOG+NahkFD4y0qkzYudNUahelxryY68/HGMslYuHClk1XaS/3b3eJzEkg=="],

    "@aws-sdk/credential-provider-login": ["@aws-sdk/credential-provider-login@3.972.68", "", { "dependencies": { "@aws-sdk/core": "^3.977.0", "@aws-sdk/nested-clients": "^3.997.35", "@aws-sdk/types": "^3.974.2", "@smithy/core": "^3.29.8", "@smithy/types": "^4.16.1", "tslib": "^2.6.2" } }, "sha512-w6tNci6g7RqFpLhj1f5xseBvaNojb4Pkgp5Jp5apl9hrJtaf2AA+rX9+qlhlWUK6kcyAFYPA7emO+55zj+S98Q=="],

    "@aws-sdk/credential-provider-node": ["@aws-sdk/credential-provider-node@3.972.72", "", { "dependencies": { "@aws-sdk/credential-provider-env": "^3.972.61", "@aws-sdk/credential-provider-http": "^3.972.63", "@aws-sdk/credential-provider-ini": "^3.973.6", "@aws-sdk/credential-provider-process": "^3.972.61", "@aws-sdk/credential-provider-sso": "^3.973.5", "@aws-sdk/credential-provider-web-identity": "^3.972.67", "@aws-sdk/types": "^3.974.2", "@smithy/core": "^3.29.8", "@smithy/credential-provider-imds": "^4.4.13", "@smithy/types": "^4.16.1", "tslib": "^2.6.2" } }, "sha512-blQ7F5QGzylnzeh5549zQLoCAiMHkXFLjFovEMaVy4b2X8JhUu+u9NXro1hyK95YHdVFNmBHKs2hIHtZchxKlQ=="],

    "@aws-sdk/credential-provider-process": ["@aws-sdk/credential-provider-process@3.972.61", "", { "dependencies": { "@aws-sdk/core": "^3.977.0", "@aws-sdk/types": "^3.974.2", "@smithy/core": "^3.29.8", "@smithy/types": "^4.16.1", "tslib": "^2.6.2" } }, "sha512-xzRuj+fUVO4nkafKQJVKAF97kGpeQbfjuwmRrtGZNf42/1dkmcz6o7dswBy7alY0htQn5sCL1GWQYEykviWZkA=="],

    "@aws-sdk/credential-provider-sso": ["@aws-sdk/credential-provider-sso@3.973.5", "", { "dependencies": { "@aws-sdk/core": "^3.977.0", "@aws-sdk/nested-clients": "^3.997.35", "@aws-sdk/token-providers": "3.1095.0", "@aws-sdk/types": "^3.974.2", "@smithy/core": "^3.29.8", "@smithy/types": "^4.16.1", "tslib": "^2.6.2" } }, "sha512-fZRjjWhLFelsDoOYjqShQTrIGYC3Pf9Mx9Czf+1ikfQDgktxjze33dVo1q1/ZQ+T0qbtejVoHNHrfD5aJVpv/w=="],

    "@aws-sdk/credential-provider-web-identity": ["@aws-sdk/credential-provider-web-identity@3.972.67", "", { "dependencies": { "@aws-sdk/core": "^3.977.0", "@aws-sdk/nested-clients": "^3.997.35", "@aws-sdk/types": "^3.974.2", "@smithy/core": "^3.29.8", "@smithy/types": "^4.16.1", "tslib": "^2.6.2" } }, "sha512-FTNZ05gkPBA6CKbU3N4zPgybV+stdazwMOya75CmGdcJL7p8Fw/BdHP8WVxJd0mvzyPK2cg/C3gli58Ir4HgCw=="],

    "@aws-sdk/dynamodb-codec": ["@aws-sdk/dynamodb-codec@3.973.35", "", { "dependencies": { "@aws-sdk/core": "^3.977.0", "@smithy/core": "^3.29.8", "@smithy/types": "^4.16.1", "tslib": "^2.6.2" } }, "sha512-h4l4YbioeEW2vM4OkelGkQ+pboFnTEaRAt8uH/b6oklm0p3NhISHXdbTk8x3/UOvLUNW+5ItU+B5JHTP9QfJBw=="],

    "@aws-sdk/endpoint-cache": ["@aws-sdk/endpoint-cache@3.972.9", "", { "dependencies": { "mnemonist": "0.38.3", "tslib": "^2.6.2" } }, "sha512-LFvdgq8SriaskUcjpBMDE7J2c9RmuT5v3gU36/znV71EU5DKUis4FmGFjCMelKCCViFeVrQADBAlIiOYRhEx6Q=="],

    "@aws-sdk/middleware-endpoint-discovery": ["@aws-sdk/middleware-endpoint-discovery@3.972.26", "", { "dependencies": { "@aws-sdk/endpoint-cache": "^3.972.9", "@aws-sdk/types": "^3.974.2", "@smithy/core": "^3.29.8", "@smithy/types": "^4.16.1", "tslib": "^2.6.2" } }, "sha512-suOMAYAM43aSyC3cLBvvJIuNyg96nUsPvYQUrq4G+8Prt2qTpFETgaiXX7JP1gIcK5FF0Z2IdyEsPXseZATOPw=="],

    "@aws-sdk/middleware-sdk-s3": ["@aws-sdk/middleware-sdk-s3@3.972.66", "", { "dependencies": { "@aws-sdk/core": "^3.977.0", "@aws-sdk/signature-v4-multi-region": "^3.996.42", "@aws-sdk/types": "^3.974.2", "@smithy/core": "^3.29.8", "@smithy/types": "^4.16.1", "tslib": "^2.6.2" } }, "sha512-sTZKP1+SvyzWc/3alO8AM/PUiEzDCmn2P/KOcFFSk2UKzKZkB5ZxXdlHVtACE7DHaMFvx6DY0bognwHa1qTv4g=="],

    "@aws-sdk/middleware-sdk-sqs": ["@aws-sdk/middleware-sdk-sqs@3.972.38", "", { "dependencies": { "@aws-sdk/types": "^3.974.2", "@smithy/core": "^3.29.8", "@smithy/types": "^4.16.1", "tslib": "^2.6.2" } }, "sha512-izM6iWpd/s50WMcYOjLJfWm7McNiJKeit/NNUQ4JQIU0rBmNPMvf7AsJN7tk28N+afPYbpPIUSE3BNWZwtwf8w=="],

    "@aws-sdk/nested-clients": ["@aws-sdk/nested-clients@3.997.35", "", { "dependencies": { "@aws-sdk/core": "^3.977.0", "@aws-sdk/signature-v4-multi-region": "^3.996.42", "@aws-sdk/types": "^3.974.2", "@smithy/core": "^3.29.8", "@smithy/fetch-http-handler": "^5.6.10", "@smithy/node-http-handler": "^4.9.10", "@smithy/types": "^4.16.1", "tslib": "^2.6.2" } }, "sha512-2MJfseVG/aXvIyOIBlYA/Oaf6qFDdsu4D8RKsEUdOQpVuLaor0BdxIBBtJLBNQQEe6Ku3YMvLljwb1MwVUpzRw=="],

    "@aws-sdk/signature-v4-multi-region": ["@aws-sdk/signature-v4-multi-region@3.996.42", "", { "dependencies": { "@aws-sdk/types": "^3.974.2", "@smithy/signature-v4": "^5.6.9", "@smithy/types": "^4.16.1", "tslib": "^2.6.2" } }, "sha512-DBV4naZP6HYBlAvPpoQzOP12Wvfou/5rN8yJPXjBTBylU5qwCbh/tXr2MddHoIjgoRkEl/eS+IljiUqvmwey1Q=="],

    "@aws-sdk/token-providers": ["@aws-sdk/token-providers@3.1095.0", "", { "dependencies": { "@aws-sdk/core": "^3.977.0", "@aws-sdk/nested-clients": "^3.997.35", "@aws-sdk/types": "^3.974.2", "@smithy/core": "^3.29.8", "@smithy/types": "^4.16.1", "tslib": "^2.6.2" } }, "sha512-65SudS6y4nzaYHybtqcpm3sHe5jLhdMn68HRKS1nUx690BtQeaAQOoujQ+dpOjBATIVGVgKKjEP8tR+U06QJQA=="],

    "@aws-sdk/types": ["@aws-sdk/types@3.974.2", "", { "dependencies": { "@smithy/types": "^4.16.1", "tslib": "^2.6.2" } }, "sha512-3W6IUtSxFbH6X7Wb7DzGCV5QiFQsd0g8bOfntpmDxQlzBoKWUMBu/JPQR0DwkE+Hpnxd6db1tXbOwdeHddG6cA=="],

    "@aws-sdk/xml-builder": ["@aws-sdk/xml-builder@3.972.37", "", { "dependencies": { "@smithy/types": "^4.16.1", "tslib": "^2.6.2" } }, "sha512-zKq4HQum8JwDyEuyfuI4bbiAcU0KxP6qy+9PR/IsR92IyE/DaBAikzAS50tjxip4bqIIANpCcG+Yyj6CVhXupg=="],

    "@aws/lambda-invoke-store": ["@aws/lambda-invoke-store@0.3.0", "", {}, "sha512-sl4Bm6yiMNYrZKkqqDFWN0UfnWhlS8ivKxrYl+6t0gCLrqr8y3B2IqZZbFRkfaVVp7C/baApyh71P+LeE1A2sQ=="],

    "@e965/xlsx": ["@e965/xlsx@0.20.3", "", { "bin": { "xlsx": "bin/xlsx.njs" } }, "sha512-703RN/3OdsRD5mtse2HBX7Um7xwaP9tlswEG6svOtjqokXoX7rJdQj7DyabD2I+xk22RgaIIU+R6BHgkpZGB/w=="],

    "@smithy/core": ["@smithy/core@3.30.0", "", { "dependencies": { "@smithy/types": "^4.16.1", "tslib": "^2.6.2" } }, "sha512-dl2yRglDxfzH9uJ4fSo4zTaAHa0zH7+V7BZMRWy8hEYIKT1BiqMUK/CN6T3ADQ3kbA5N1tmUulroJ2UtONS7Kw=="],

    "@smithy/credential-provider-imds": ["@smithy/credential-provider-imds@4.4.14", "", { "dependencies": { "@smithy/core": "^3.30.0", "@smithy/types": "^4.16.1", "tslib": "^2.6.2" } }, "sha512-QgbuahIb2qxQeZQvNK0sw3aF3JH5zwH8j2lLp5DUasVXexGGMWULAR+7z0omPXFolCP/m5wN9M5lm9EGdSviTQ=="],

    "@smithy/fetch-http-handler": ["@smithy/fetch-http-handler@5.6.11", "", { "dependencies": { "@smithy/core": "^3.30.0", "@smithy/types": "^4.16.1", "tslib": "^2.6.2" } }, "sha512-o0Zkj1nKqJAoq+a+BrkhU39tRftMNjLwpc/z06Frfl43wpbHrJMaSAVZE4vTqlxtVkNaGaT0bIDxOp7tkFTuQQ=="],

    "@smithy/node-http-handler": ["@smithy/node-http-handler@4.9.11", "", { "dependencies": { "@smithy/core": "^3.30.0", "@smithy/types": "^4.16.1", "tslib": "^2.6.2" } }, "sha512-slbzbz8taEOzoXv/9y34YNBoE+ZHmddLykCgjDAjvMAsu2nM5s2Gzwa5OGF721tD8s+CKeFUBds5lSj9lcbuDg=="],

    "@smithy/signature-v4": ["@smithy/signature-v4@5.6.10", "", { "dependencies": { "@smithy/core": "^3.30.0", "@smithy/types": "^4.16.1", "tslib": "^2.6.2" } }, "sha512-EXhWePm3SXJAX38npIy4TXL2Aex/OVgCClTjelN2QHw/U+8CQUH8C7AaxsVzQcYieYPseywn48s89DmvuGjiAg=="],

    "@smithy/types": ["@smithy/types@4.16.1", "", { "dependencies": { "tslib": "^2.6.2" } }, "sha512-0JFs3V2y2M9tKW5na/qxe69Zv+uxLMO7QBbhxF/FHu/Gp2NFZAAL9tWl9PU02xxo07pb3G9FTyjNc6D5uZrJIg=="],

    "@types/aws-lambda": ["@types/aws-lambda@8.10.162", "", {}, "sha512-Fn658grtLOci1oxi1391vvDWJRKNGWRSqfxRkmN/Iy3c0tQH1USMKEXcPYHLvope+ZgTFocx9FRQJx1muBL6qw=="],

    "@types/node": ["@types/node@20.19.43", "", { "dependencies": { "undici-types": "~6.21.0" } }, "sha512-6oYBAi5ikg4Pl+kGsoYtawUMBT2zZMCvPNF7pVLnHZfd1zf38DRiWn/gT01RYCdUqkv7Fhr+C9ot4/tb+2sVvA=="],

    "@types/pdf-parse": ["@types/pdf-parse@1.1.5", "", { "dependencies": { "@types/node": "*" } }, "sha512-kBfrSXsloMnUJOKi25s3+hRmkycHfLK6A09eRGqF/N8BkQoPUmaCr+q8Cli5FnfohEz/rsv82zAiPz/LXtOGhA=="],

    "@xmldom/xmldom": ["@xmldom/xmldom@0.8.13", "", {}, "sha512-KRYzxepc14G/CEpEGc3Yn+JKaAeT63smlDr+vjB8jRfgTBBI9wRj/nkQEO+ucV8p8I9bfKLWp37uHgFrbntPvw=="],

    "argparse": ["argparse@1.0.10", "", { "dependencies": { "sprintf-js": "~1.0.2" } }, "sha512-o5Roy6tNG4SL/FOkCAN6RzjiakZS25RLYFrcMttJqbdd8BWrnA+fGz57iN5Pb06pvBGvl5gQ0B48dJlslXvoTg=="],

    "base64-js": ["base64-js@1.5.1", "", {}, "sha512-AKpaYlHn8t4SVbOHCy+b5+KKgvR4vrsD8vbvrbiQJps7fKDTkjkDry6ji0rUJjC0kzbNePLwzxq8iypo41qeWA=="],

    "bluebird": ["bluebird@3.4.7", "", {}, "sha512-iD3898SR7sWVRHbiQv+sHUtHnMvC1o3nW5rAcqnq3uOn07DSAppZYUkIGslDz6gXC7HfunPe7YVBgoEJASPcHA=="],

    "bowser": ["bowser@2.14.1", "", {}, "sha512-tzPjzCxygAKWFOJP011oxFHs57HzIhOEracIgAePE4pqB3LikALKnSzUyU4MGs9/iCEUuHlAJTjTc5M+u7YEGg=="],

    "core-util-is": ["core-util-is@1.0.3", "", {}, "sha512-ZQBvi1DcpJ4GDqanjucZ2Hj3wEO5pZDS89BWbkcrvdxksJorwUDDZamX9ldFkp9aw2lmBDLgkObEA4DWNJ9FYQ=="],

    "csv-parse": ["csv-parse@5.6.0", "", {}, "sha512-l3nz3euub2QMg5ouu5U09Ew9Wf6/wQ8I++ch1loQ0ljmzhmfZYrH9fflS22i/PQEvsPvxCwxgz5q7UB8K1JO4Q=="],

    "dingbat-to-unicode": ["dingbat-to-unicode@1.0.1", "", {}, "sha512-98l0sW87ZT58pU4i61wa2OHwxbiYSbuxsCBozaVnYX2iCnr3bLM3fIes1/ej7h1YdOKuKt/MLs706TVnALA65w=="],

    "duck": ["duck@0.1.12", "", { "dependencies": { "underscore": "^1.13.1" } }, "sha512-wkctla1O6VfP89gQ+J/yDesM0S7B7XLXjKGzXxMDVFg7uEn706niAtyYovKbyq1oT9YwDcly721/iUWoc8MVRg=="],

    "immediate": ["immediate@3.0.6", "", {}, "sha512-XXOFtyqDjNDAQxVfYxuF7g9Il/IbWmmlQg2MYKOH8ExIT1qg6xc4zyS3HaEEATgs1btfzxq15ciUiY7gjSXRGQ=="],

    "inherits": ["inherits@2.0.4", "", {}, "sha512-k/vGaX4/Yla3WzyMCvTQOXYeIHvqOKtnqBduzTHpzpQZzAskKMhZ2K+EnBiSM9zGSoIFeMpXKxa4dYeZIQqewQ=="],

    "isarray": ["isarray@1.0.0", "", {}, "sha512-VLghIWNM6ELQzo7zwmcg0NmTVyWKYjvIeM83yjp0wRDTmUnrM678fQbcKBo6n2CJEF0szoG//ytg+TKla89ALQ=="],

    "jszip": ["jszip@3.10.1", "", { "dependencies": { "lie": "~3.3.0", "pako": "~1.0.2", "readable-stream": "~2.3.6", "setimmediate": "^1.0.5" } }, "sha512-xXDvecyTpGLrqFrvkrUSoxxfJI5AH7U8zxxtVclpsUtMCq4JQ290LY8AW5c7Ggnr/Y/oK+bQMbqK2qmtk3pN4g=="],

    "lie": ["lie@3.3.0", "", { "dependencies": { "immediate": "~3.0.5" } }, "sha512-UaiMJzeWRlEujzAuw5LokY1L5ecNQYZKfmyZ9L7wDHb/p5etKaxXhohBcrw0EYby+G/NA52vRSN4N39dxHAIwQ=="],

    "lop": ["lop@0.4.2", "", { "dependencies": { "duck": "^0.1.12", "option": "~0.2.1", "underscore": "^1.13.1" } }, "sha512-RefILVDQ4DKoRZsJ4Pj22TxE3omDO47yFpkIBoDKzkqPRISs5U1cnAdg/5583YPkWPaLIYHOKRMQSvjFsO26cw=="],

    "mammoth": ["mammoth@1.12.0", "", { "dependencies": { "@xmldom/xmldom": "^0.8.6", "argparse": "~1.0.3", "base64-js": "^1.5.1", "bluebird": "~3.4.0", "dingbat-to-unicode": "^1.0.1", "jszip": "^3.7.1", "lop": "^0.4.2", "path-is-absolute": "^1.0.0", "underscore": "^1.13.1", "xmlbuilder": "^10.0.0" }, "bin": { "mammoth": "bin/mammoth" } }, "sha512-cwnK1RIcRdDMi2HRx2EXGYlxqIEh0Oo3bLhorgnsVJi2UkbX1+jKxuBNR9PC5+JaX7EkmJxFPmo6mjLpqShI2w=="],

    "marked": ["marked@15.0.12", "", { "bin": { "marked": "bin/marked.js" } }, "sha512-8dD6FusOQSrpv9Z1rdNMdlSgQOIP880DHqnohobOmYLElGEqAL/JvxvuxZO16r4HtjTlfPRDC1hbvxC9dPN2nA=="],

    "mnemonist": ["mnemonist@0.38.3", "", { "dependencies": { "obliterator": "^1.6.1" } }, "sha512-2K9QYubXx/NAjv4VLq1d1Ly8pWNC5L3BrixtdkyTegXWJIqY+zLNDhhX/A+ZwWt70tB1S8H4BE8FLYEFyNoOBw=="],

    "node-ensure": ["node-ensure@0.0.0", "", {}, "sha512-DRI60hzo2oKN1ma0ckc6nQWlHU69RH6xN0sjQTjMpChPfTYvKZdcQFfdYK2RWbJcKyUizSIy/l8OTGxMAM1QDw=="],

    "obliterator": ["obliterator@1.6.1", "", {}, "sha512-9WXswnqINnnhOG/5SLimUlzuU1hFJUc8zkwyD59Sd+dPOMf05PmnYG/d6Q7HZ+KmgkZJa1PxRso6QdM3sTNHig=="],

    "option": ["option@0.2.4", "", {}, "sha512-pkEqbDyl8ou5cpq+VsnQbe/WlEy5qS7xPzMS1U55OCG9KPvwFD46zDbxQIj3egJSFc3D+XhYOPUzz49zQAVy7A=="],

    "pako": ["pako@1.0.11", "", {}, "sha512-4hLB8Py4zZce5s4yd9XzopqwVv/yGNhV1Bl8NTmCq1763HeK2+EwVTv+leGeL13Dnh2wfbqowVPXCIO0z4taYw=="],

    "path-is-absolute": ["path-is-absolute@1.0.1", "", {}, "sha512-AVbw3UJ2e9bq64vSaS9Am0fje1Pa8pbGqTTsmXfaIiMpnr5DlDhfJOuLj9Sf95ZPVDAUerDfEk88MPmPe7UCQg=="],

    "pdf-parse": ["pdf-parse@1.1.4", "", { "dependencies": { "node-ensure": "^0.0.0" } }, "sha512-XRIRcLgk6ZnUbsHsYXExMw+krrPE81hJ6FQPLdBNhhBefqIQKXu/WeTgNBGSwPrfU0v+UCEwn7AoAUOsVKHFvQ=="],

    "process-nextick-args": ["process-nextick-args@2.0.1", "", {}, "sha512-3ouUOpQhtgrbOa17J7+uxOTpITYWaGP7/AhoR3+A+/1e9skrzelGi/dXzEYyvbxubEF6Wn2ypscTKiKJFFn1ag=="],

    "readable-stream": ["readable-stream@2.3.8", "", { "dependencies": { "core-util-is": "~1.0.0", "inherits": "~2.0.3", "isarray": "~1.0.0", "process-nextick-args": "~2.0.0", "safe-buffer": "~5.1.1", "string_decoder": "~1.1.1", "util-deprecate": "~1.0.1" } }, "sha512-8p0AUk4XODgIewSi0l8Epjs+EVnWiK7NoDIEGU0HhE7+ZyY8D1IMY7odu5lRrFXGg71L15KG8QrPmum45RTtdA=="],

    "safe-buffer": ["safe-buffer@5.1.2", "", {}, "sha512-Gd2UZBJDkXlY7GbJxfsE8/nvKkUEU1G38c1siN6QP6a9PT9MmHB8GnpscSmMJSoF8LOIrt8ud/wPtojys4G6+g=="],

    "setimmediate": ["setimmediate@1.0.5", "", {}, "sha512-MATJdZp8sLqDl/68LfQmbP8zKPLQNV6BIZoIgrscFDQ+RsvK/BxeDQOgyxKKoh0y/8h3BqVFnCqQ/gd+reiIXA=="],

    "sprintf-js": ["sprintf-js@1.0.3", "", {}, "sha512-D9cPgkvLlV3t3IzL0D0YLvGA9Ahk4PcvVwUbN0dSGr1aP0Nrt4AEnTUbuGvquEC0mA64Gqt1fzirlRs5ibXx8g=="],

    "string_decoder": ["string_decoder@1.1.1", "", { "dependencies": { "safe-buffer": "~5.1.0" } }, "sha512-n/ShnvDi6FHbbVfviro+WojiFzv+s8MPMHBczVePfUpDJLwoLT0ht1l4YwBCbi8pJAveEEdnkHyPyTP/mzRfwg=="],

    "tslib": ["tslib@2.8.1", "", {}, "sha512-oJFu94HQb+KVduSUQL7wnpmqnfmLsOA/nAh6b6EH0wCEoK0/mPeXU6c3wKDV83MkOuHPRHtSXKKU99IBazS/2w=="],

    "typescript": ["typescript@5.9.3", "", { "bin": { "tsc": "bin/tsc", "tsserver": "bin/tsserver" } }, "sha512-jl1vZzPDinLr9eUt3J/t7V6FgNEw9QjvBPdysz9KfQDD41fQrC2Y4vKQdiaUpFT4bXlb1RHhLpp8wtm6M5TgSw=="],

    "underscore": ["underscore@1.13.8", "", {}, "sha512-DXtD3ZtEQzc7M8m4cXotyHR+FAS18C64asBYY5vqZexfYryNNnDc02W4hKg3rdQuqOYas1jkseX0+nZXjTXnvQ=="],

    "undici-types": ["undici-types@6.21.0", "", {}, "sha512-iwDZqg0QAGrg9Rav5H4n0M64c3mkR59cJ6wQp+7C4nI0gsmExaedaYLNO44eT4AtBBwjbTiGPMlt2Md0T9H9JQ=="],

    "util-deprecate": ["util-deprecate@1.0.2", "", {}, "sha512-EPD5q1uXyFxJpCrLnCc1nHnq3gOa6DZBocAIiI2TaSCA7VCJ1UJDMagCzIkXNsUYfD1daK//LTEQ8xiIbrHtcw=="],

    "xmlbuilder": ["xmlbuilder@10.1.1", "", {}, "sha512-OyzrcFLL/nb6fMGHbiRDuPup9ljBycsdCypwuyg5AAHvyWzGfChJpCXMG88AGTIMFhGZ9RccFN1e6lhg3hkwKg=="],
  }
}
