{
  "lockfileVersion": 1,
  "configVersion": 1,
  "workspaces": {
    "": {
      "name": "textract-processor",
      "dependencies": {
        "@aws-sdk/client-rds-data": "^3.0.0",
        "@aws-sdk/client-sqs": "^3.0.0",
        "@aws-sdk/client-textract": "^3.0.0",
      },
      "devDependencies": {
        "@types/aws-lambda": "^8.10.0",
        "@types/node": "^20.0.0",
        "typescript": "^5.0.0",
      },
    },
  },
  "packages": {
    "@aws-sdk/client-rds-data": ["@aws-sdk/client-rds-data@3.1095.0", "", { "dependencies": { "@aws-sdk/core": "^3.977.0", "@aws-sdk/credential-provider-node": "^3.972.72", "@aws-sdk/types": "^3.974.2", "@smithy/core": "^3.29.8", "@smithy/fetch-http-handler": "^5.6.10", "@smithy/node-http-handler": "^4.9.10", "@smithy/types": "^4.16.1", "tslib": "^2.6.2" } }, "sha512-PnTyGwG/I6TCmIvArMH22bzJ6cDt4Een3U/6+9i3N03iANGZHGxhPvLhaTEUbzq1FsKmIHqzP+XQ/LE57l9ymQ=="],

    "@aws-sdk/client-sqs": ["@aws-sdk/client-sqs@3.1095.0", "", { "dependencies": { "@aws-sdk/core": "^3.977.0", "@aws-sdk/credential-provider-node": "^3.972.72", "@aws-sdk/middleware-sdk-sqs": "^3.972.38", "@aws-sdk/types": "^3.974.2", "@smithy/core": "^3.29.8", "@smithy/fetch-http-handler": "^5.6.10", "@smithy/node-http-handler": "^4.9.10", "@smithy/types": "^4.16.1", "tslib": "^2.6.2" } }, "sha512-E9kLDfzlBxwnu5GaV+zyUQP88EwbTMyKca6MatmIJAaxhl12Yml7uDQaFxtSMLxNVEWP4oqFrByR8PZQJGTUKw=="],

    "@aws-sdk/client-textract": ["@aws-sdk/client-textract@3.1095.0", "", { "dependencies": { "@aws-sdk/core": "^3.977.0", "@aws-sdk/credential-provider-node": "^3.972.72", "@aws-sdk/types": "^3.974.2", "@smithy/core": "^3.29.8", "@smithy/fetch-http-handler": "^5.6.10", "@smithy/node-http-handler": "^4.9.10", "@smithy/types": "^4.16.1", "tslib": "^2.6.2" } }, "sha512-PuuaDKF+07cL0RtT9tVzTYOycEAsbfpq1Qtaj6ry/JqOz3+zXSxFOEyGWfzOUrpwJWeaJVfG1ooZDQA5MV4rHA=="],

    "@aws-sdk/core": ["@aws-sdk/core@3.977.1", "", { "dependencies": { "@aws-sdk/types": "^3.974.2", "@aws-sdk/xml-builder": "^3.972.37", "@aws/lambda-invoke-store": "^0.3.0", "@smithy/core": "^3.29.8", "@smithy/signature-v4": "^5.6.9", "@smithy/types": "^4.16.1", "bowser": "^2.11.0", "tslib": "^2.6.2" } }, "sha512-KVtQRtc00ES/y+Sc3vYXeP6pCIcNlBJCZOwvqSy8ZpVGmbM5+IG+AfhuTKQ2oXmIVqZJewaGMMpzPkywC6xg0w=="],

    "@aws-sdk/credential-provider-env": ["@aws-sdk/credential-provider-env@3.972.61", "", { "dependencies": { "@aws-sdk/core": "^3.977.0", "@aws-sdk/types": "^3.974.2", "@smithy/core": "^3.29.8", "@smithy/types": "^4.16.1", "tslib": "^2.6.2" } }, "sha512-qihs2ekMb89Nxd2JenCgVFhjbkb3EIo7HEBCBzyZACKVJdrLUZBLOmAE3xr0Sayml8n/jZSzwO/IufIiIzO7PQ=="],

    "@aws-sdk/credential-provider-http": ["@aws-sdk/credential-provider-http@3.972.63", "", { "dependencies": { "@aws-sdk/core": "^3.977.0", "@aws-sdk/types": "^3.974.2", "@smithy/core": "^3.29.8", "@smithy/fetch-http-handler": "^5.6.10", "@smithy/node-http-handler": "^4.9.10", "@smithy/types": "^4.16.1", "tslib": "^2.6.2" } }, "sha512-yfozsS8wkWZEi/n6IsrodcFKBWZ0iNAezhJbTReMNc0z1Px17qdeAeuL1/wziCAmCZyXiW7QzP75ggJkBQv8jQ=="],

    "@aws-sdk/credential-provider-ini": ["@aws-sdk/credential-provider-ini@3.973.6", "", { "dependencies": { "@aws-sdk/core": "^3.977.0", "@aws-sdk/credential-provider-env": "^3.972.61", "@aws-sdk/credential-provider-http": "^3.972.63", "@aws-sdk/credential-provider-login": "^3.972.68", "@aws-sdk/credential-provider-process": "^3.972.61", "@aws-sdk/credential-provider-sso": "^3.973.5", "@aws-sdk/credential-provider-web-identity": "^3.972.67", "@aws-sdk/nested-clients": "^3.997.35", "@aws-sdk/types": "^3.974.2", "@smithy/core": "^3.29.8", "@smithy/credential-provider-imds": "^4.4.13", "@smithy/types": "^4.16.1", "tslib": "^2.6.2" } }, "sha512-jGLTW1bj148GL/6/IMlfY2fMYS9FtHOG+NahkFD4y0qkzYudNUahelxryY68/HGMslYuHClk1XaS/3b3eJzEkg=="],

    "@aws-sdk/credential-provider-login": ["@aws-sdk/credential-provider-login@3.972.68", "", { "dependencies": { "@aws-sdk/core": "^3.977.0", "@aws-sdk/nested-clients": "^3.997.35", "@aws-sdk/types": "^3.974.2", "@smithy/core": "^3.29.8", "@smithy/types": "^4.16.1", "tslib": "^2.6.2" } }, "sha512-w6tNci6g7RqFpLhj1f5xseBvaNojb4Pkgp5Jp5apl9hrJtaf2AA+rX9+qlhlWUK6kcyAFYPA7emO+55zj+S98Q=="],

    "@aws-sdk/credential-provider-node": ["@aws-sdk/credential-provider-node@3.972.72", "", { "dependencies": { "@aws-sdk/credential-provider-env": "^3.972.61", "@aws-sdk/credential-provider-http": "^3.972.63", "@aws-sdk/credential-provider-ini": "^3.973.6", "@aws-sdk/credential-provider-process": "^3.972.61", "@aws-sdk/credential-provider-sso": "^3.973.5", "@aws-sdk/credential-provider-web-identity": "^3.972.67", "@aws-sdk/types": "^3.974.2", "@smithy/core": "^3.29.8", "@smithy/credential-provider-imds": "^4.4.13", "@smithy/types": "^4.16.1", "tslib": "^2.6.2" } }, "sha512-blQ7F5QGzylnzeh5549zQLoCAiMHkXFLjFovEMaVy4b2X8JhUu+u9NXro1hyK95YHdVFNmBHKs2hIHtZchxKlQ=="],

    "@aws-sdk/credential-provider-process": ["@aws-sdk/credential-provider-process@3.972.61", "", { "dependencies": { "@aws-sdk/core": "^3.977.0", "@aws-sdk/types": "^3.974.2", "@smithy/core": "^3.29.8", "@smithy/types": "^4.16.1", "tslib": "^2.6.2" } }, "sha512-xzRuj+fUVO4nkafKQJVKAF97kGpeQbfjuwmRrtGZNf42/1dkmcz6o7dswBy7alY0htQn5sCL1GWQYEykviWZkA=="],

    "@aws-sdk/credential-provider-sso": ["@aws-sdk/credential-provider-sso@3.973.5", "", { "dependencies": { "@aws-sdk/core": "^3.977.0", "@aws-sdk/nested-clients": "^3.997.35", "@aws-sdk/token-providers": "3.1095.0", "@aws-sdk/types": "^3.974.2", "@smithy/core": "^3.29.8", "@smithy/types": "^4.16.1", "tslib": "^2.6.2" } }, "sha512-fZRjjWhLFelsDoOYjqShQTrIGYC3Pf9Mx9Czf+1ikfQDgktxjze33dVo1q1/ZQ+T0qbtejVoHNHrfD5aJVpv/w=="],

    "@aws-sdk/credential-provider-web-identity": ["@aws-sdk/credential-provider-web-identity@3.972.67", "", { "dependencies": { "@aws-sdk/core": "^3.977.0", "@aws-sdk/nested-clients": "^3.997.35", "@aws-sdk/types": "^3.974.2", "@smithy/core": "^3.29.8", "@smithy/types": "^4.16.1", "tslib": "^2.6.2" } }, "sha512-FTNZ05gkPBA6CKbU3N4zPgybV+stdazwMOya75CmGdcJL7p8Fw/BdHP8WVxJd0mvzyPK2cg/C3gli58Ir4HgCw=="],

    "@aws-sdk/middleware-sdk-sqs": ["@aws-sdk/middleware-sdk-sqs@3.972.38", "", { "dependencies": { "@aws-sdk/types": "^3.974.2", "@smithy/core": "^3.29.8", "@smithy/types": "^4.16.1", "tslib": "^2.6.2" } }, "sha512-izM6iWpd/s50WMcYOjLJfWm7McNiJKeit/NNUQ4JQIU0rBmNPMvf7AsJN7tk28N+afPYbpPIUSE3BNWZwtwf8w=="],

    "@aws-sdk/nested-clients": ["@aws-sdk/nested-clients@3.997.35", "", { "dependencies": { "@aws-sdk/core": "^3.977.0", "@aws-sdk/signature-v4-multi-region": "^3.996.42", "@aws-sdk/types": "^3.974.2", "@smithy/core": "^3.29.8", "@smithy/fetch-http-handler": "^5.6.10", "@smithy/node-http-handler": "^4.9.10", "@smithy/types": "^4.16.1", "tslib": "^2.6.2" } }, "sha512-2MJfseVG/aXvIyOIBlYA/Oaf6qFDdsu4D8RKsEUdOQpVuLaor0BdxIBBtJLBNQQEe6Ku3YMvLljwb1MwVUpzRw=="],

    "@aws-sdk/signature-v4-multi-region": ["@aws-sdk/signature-v4-multi-region@3.996.42", "", { "dependencies": { "@aws-sdk/types": "^3.974.2", "@smithy/signature-v4": "^5.6.9", "@smithy/types": "^4.16.1", "tslib": "^2.6.2" } }, "sha512-DBV4naZP6HYBlAvPpoQzOP12Wvfou/5rN8yJPXjBTBylU5qwCbh/tXr2MddHoIjgoRkEl/eS+IljiUqvmwey1Q=="],

    "@aws-sdk/token-providers": ["@aws-sdk/token-providers@3.1095.0", "", { "dependencies": { "@aws-sdk/core": "^3.977.0", "@aws-sdk/nested-clients": "^3.997.35", "@aws-sdk/types": "^3.974.2", "@smithy/core": "^3.29.8", "@smithy/types": "^4.16.1", "tslib": "^2.6.2" } }, "sha512-65SudS6y4nzaYHybtqcpm3sHe5jLhdMn68HRKS1nUx690BtQeaAQOoujQ+dpOjBATIVGVgKKjEP8tR+U06QJQA=="],

    "@aws-sdk/types": ["@aws-sdk/types@3.974.2", "", { "dependencies": { "@smithy/types": "^4.16.1", "tslib": "^2.6.2" } }, "sha512-3W6IUtSxFbH6X7Wb7DzGCV5QiFQsd0g8bOfntpmDxQlzBoKWUMBu/JPQR0DwkE+Hpnxd6db1tXbOwdeHddG6cA=="],

    "@aws-sdk/xml-builder": ["@aws-sdk/xml-builder@3.972.37", "", { "dependencies": { "@smithy/types": "^4.16.1", "tslib": "^2.6.2" } }, "sha512-zKq4HQum8JwDyEuyfuI4bbiAcU0KxP6qy+9PR/IsR92IyE/DaBAikzAS50tjxip4bqIIANpCcG+Yyj6CVhXupg=="],

    "@aws/lambda-invoke-store": ["@aws/lambda-invoke-store@0.3.0", "", {}, "sha512-sl4Bm6yiMNYrZKkqqDFWN0UfnWhlS8ivKxrYl+6t0gCLrqr8y3B2IqZZbFRkfaVVp7C/baApyh71P+LeE1A2sQ=="],

    "@smithy/core": ["@smithy/core@3.30.0", "", { "dependencies": { "@smithy/types": "^4.16.1", "tslib": "^2.6.2" } }, "sha512-dl2yRglDxfzH9uJ4fSo4zTaAHa0zH7+V7BZMRWy8hEYIKT1BiqMUK/CN6T3ADQ3kbA5N1tmUulroJ2UtONS7Kw=="],

    "@smithy/credential-provider-imds": ["@smithy/credential-provider-imds@4.4.14", "", { "dependencies": { "@smithy/core": "^3.30.0", "@smithy/types": "^4.16.1", "tslib": "^2.6.2" } }, "sha512-QgbuahIb2qxQeZQvNK0sw3aF3JH5zwH8j2lLp5DUasVXexGGMWULAR+7z0omPXFolCP/m5wN9M5lm9EGdSviTQ=="],

    "@smithy/fetch-http-handler": ["@smithy/fetch-http-handler@5.6.11", "", { "dependencies": { "@smithy/core": "^3.30.0", "@smithy/types": "^4.16.1", "tslib": "^2.6.2" } }, "sha512-o0Zkj1nKqJAoq+a+BrkhU39tRftMNjLwpc/z06Frfl43wpbHrJMaSAVZE4vTqlxtVkNaGaT0bIDxOp7tkFTuQQ=="],

    "@smithy/node-http-handler": ["@smithy/node-http-handler@4.9.11", "", { "dependencies": { "@smithy/core": "^3.30.0", "@smithy/types": "^4.16.1", "tslib": "^2.6.2" } }, "sha512-slbzbz8taEOzoXv/9y34YNBoE+ZHmddLykCgjDAjvMAsu2nM5s2Gzwa5OGF721tD8s+CKeFUBds5lSj9lcbuDg=="],

    "@smithy/signature-v4": ["@smithy/signature-v4@5.6.10", "", { "dependencies": { "@smithy/core": "^3.30.0", "@smithy/types": "^4.16.1", "tslib": "^2.6.2" } }, "sha512-EXhWePm3SXJAX38npIy4TXL2Aex/OVgCClTjelN2QHw/U+8CQUH8C7AaxsVzQcYieYPseywn48s89DmvuGjiAg=="],

    "@smithy/types": ["@smithy/types@4.16.1", "", { "dependencies": { "tslib": "^2.6.2" } }, "sha512-0JFs3V2y2M9tKW5na/qxe69Zv+uxLMO7QBbhxF/FHu/Gp2NFZAAL9tWl9PU02xxo07pb3G9FTyjNc6D5uZrJIg=="],

    "@types/aws-lambda": ["@types/aws-lambda@8.10.162", "", {}, "sha512-Fn658grtLOci1oxi1391vvDWJRKNGWRSqfxRkmN/Iy3c0tQH1USMKEXcPYHLvope+ZgTFocx9FRQJx1muBL6qw=="],

    "@types/node": ["@types/node@20.19.43", "", { "dependencies": { "undici-types": "~6.21.0" } }, "sha512-6oYBAi5ikg4Pl+kGsoYtawUMBT2zZMCvPNF7pVLnHZfd1zf38DRiWn/gT01RYCdUqkv7Fhr+C9ot4/tb+2sVvA=="],

    "bowser": ["bowser@2.14.1", "", {}, "sha512-tzPjzCxygAKWFOJP011oxFHs57HzIhOEracIgAePE4pqB3LikALKnSzUyU4MGs9/iCEUuHlAJTjTc5M+u7YEGg=="],

    "tslib": ["tslib@2.8.1", "", {}, "sha512-oJFu94HQb+KVduSUQL7wnpmqnfmLsOA/nAh6b6EH0wCEoK0/mPeXU6c3wKDV83MkOuHPRHtSXKKU99IBazS/2w=="],

    "typescript": ["typescript@5.9.3", "", { "bin": { "tsc": "bin/tsc", "tsserver": "bin/tsserver" } }, "sha512-jl1vZzPDinLr9eUt3J/t7V6FgNEw9QjvBPdysz9KfQDD41fQrC2Y4vKQdiaUpFT4bXlb1RHhLpp8wtm6M5TgSw=="],

    "undici-types": ["undici-types@6.21.0", "", {}, "sha512-iwDZqg0QAGrg9Rav5H4n0M64c3mkR59cJ6wQp+7C4nI0gsmExaedaYLNO44eT4AtBBwjbTiGPMlt2Md0T9H9JQ=="],
  }
}
